
Microsoft Visual Studio Solution File, Format Version 12.00
# Visual Studio 2013
VisualStudioVersion = 12.0.31101.0
MinimumVisualStudioVersion = 10.0.40219.1
Project("{FAE04EC0-301F-11D3-BF4B-00C04F79EFBC}") = "Management.WebHost", "source\Management.WebHost\Management.WebHost.csproj", "{72A0F11B-C0CE-4740-95AC-8D1C443C2D72}"
	ProjectSection(ProjectDependencies) = postProject
		{A133E02F-1311-4C73-8325-8A231A69076C} = {A133E02F-1311-4C73-8325-8A231A69076C}
		{BC1B755A-D418-4DD7-B564-C65E2400F7F4} = {BC1B755A-D418-4DD7-B564-C65E2400F7F4}
		{92666D7C-59EC-46ED-A639-A10E0CAAD021} = {92666D7C-59EC-46ED-A639-A10E0CAAD021}
		{07349BEE-EAB2-4113-884D-7ABF55C5C198} = {07349BEE-EAB2-4113-884D-7ABF55C5C198}
	EndProjectSection
EndProject
Project("{FAE04EC0-301F-11D3-BF4B-00C04F79EFBC}") = "DataHub.ServiceHost", "source\DataHub.ServiceHost\DataHub.ServiceHost.csproj", "{A133E02F-1311-4C73-8325-8A231A69076C}"
	ProjectSection(ProjectDependencies) = postProject
		{92666D7C-59EC-46ED-A639-A10E0CAAD021} = {92666D7C-59EC-46ED-A639-A10E0CAAD021}
	EndProjectSection
EndProject
Project("{FAE04EC0-301F-11D3-BF4B-00C04F79EFBC}") = "ClientApp.WinHost", "source\ClientApp.WinHost\ClientApp.WinHost.csproj", "{92666D7C-59EC-46ED-A639-A10E0CAAD021}"
EndProject
Project("{2150E333-8FDC-42A3-9474-1A3956D46DE8}") = ".nuget", ".nuget", "{8B22BF8C-9F63-470F-855A-EDDAE396FF00}"
	ProjectSection(SolutionItems) = preProject
		.nuget\NuGet.Config = .nuget\NuGet.Config
		.nuget\NuGet.exe = .nuget\NuGet.exe
		.nuget\NuGet.targets = .nuget\NuGet.targets
	EndProjectSection
EndProject
Project("{930C7802-8A8C-48F9-8165-68863BCCD9DD}") = "DataHub.ServiceHost.Setup", "source\DataHub.ServiceHost.Setup\DataHub.ServiceHost.Setup.wixproj", "{BC1B755A-D418-4DD7-B564-C65E2400F7F4}"
	ProjectSection(ProjectDependencies) = postProject
		{92666D7C-59EC-46ED-A639-A10E0CAAD021} = {92666D7C-59EC-46ED-A639-A10E0CAAD021}
	EndProjectSection
EndProject
Project("{2150E333-8FDC-42A3-9474-1A3956D46DE8}") = "Solution Items", "Solution Items", "{A0CBDF77-5490-48B3-8B72-5CFB75DD0EF2}"
	ProjectSection(SolutionItems) = preProject
		.gitignore = .gitignore
	EndProjectSection
EndProject
Project("{930C7802-8A8C-48F9-8165-68863BCCD9DD}") = "DataHub.ServiceHost.Bootstrapper", "source\DataHub.ServiceHost.Bootstrapper\DataHub.ServiceHost.Bootstrapper.wixproj", "{07349BEE-EAB2-4113-884D-7ABF55C5C198}"
EndProject
Global
	GlobalSection(SolutionConfigurationPlatforms) = preSolution
		Debug|Any CPU = Debug|Any CPU
		Debug|Mixed Platforms = Debug|Mixed Platforms
		Debug|x86 = Debug|x86
		Release|Any CPU = Release|Any CPU
		Release|Mixed Platforms = Release|Mixed Platforms
		Release|x86 = Release|x86
	EndGlobalSection
	GlobalSection(ProjectConfigurationPlatforms) = postSolution
		{72A0F11B-C0CE-4740-95AC-8D1C443C2D72}.Debug|Any CPU.ActiveCfg = Debug|Any CPU
		{72A0F11B-C0CE-4740-95AC-8D1C443C2D72}.Debug|Any CPU.Build.0 = Debug|Any CPU
		{72A0F11B-C0CE-4740-95AC-8D1C443C2D72}.Debug|Mixed Platforms.ActiveCfg = Debug|Any CPU
		{72A0F11B-C0CE-4740-95AC-8D1C443C2D72}.Debug|Mixed Platforms.Build.0 = Debug|Any CPU
		{72A0F11B-C0CE-4740-95AC-8D1C443C2D72}.Debug|x86.ActiveCfg = Debug|Any CPU
		{72A0F11B-C0CE-4740-95AC-8D1C443C2D72}.Debug|x86.Build.0 = Debug|Any CPU
		{72A0F11B-C0CE-4740-95AC-8D1C443C2D72}.Release|Any CPU.ActiveCfg = Release|Any CPU
		{72A0F11B-C0CE-4740-95AC-8D1C443C2D72}.Release|Any CPU.Build.0 = Release|Any CPU
		{72A0F11B-C0CE-4740-95AC-8D1C443C2D72}.Release|Mixed Platforms.ActiveCfg = Release|Any CPU
		{72A0F11B-C0CE-4740-95AC-8D1C443C2D72}.Release|Mixed Platforms.Build.0 = Release|Any CPU
		{72A0F11B-C0CE-4740-95AC-8D1C443C2D72}.Release|x86.ActiveCfg = Release|Any CPU
		{72A0F11B-C0CE-4740-95AC-8D1C443C2D72}.Release|x86.Build.0 = Release|Any CPU
		{A133E02F-1311-4C73-8325-8A231A69076C}.Debug|Any CPU.ActiveCfg = Debug|Any CPU
		{A133E02F-1311-4C73-8325-8A231A69076C}.Debug|Any CPU.Build.0 = Debug|Any CPU
		{A133E02F-1311-4C73-8325-8A231A69076C}.Debug|Mixed Platforms.ActiveCfg = Debug|Any CPU
		{A133E02F-1311-4C73-8325-8A231A69076C}.Debug|Mixed Platforms.Build.0 = Debug|Any CPU
		{A133E02F-1311-4C73-8325-8A231A69076C}.Debug|x86.ActiveCfg = Debug|Any CPU
		{A133E02F-1311-4C73-8325-8A231A69076C}.Debug|x86.Build.0 = Debug|Any CPU
		{A133E02F-1311-4C73-8325-8A231A69076C}.Release|Any CPU.ActiveCfg = Release|Any CPU
		{A133E02F-1311-4C73-8325-8A231A69076C}.Release|Any CPU.Build.0 = Release|Any CPU
		{A133E02F-1311-4C73-8325-8A231A69076C}.Release|Mixed Platforms.ActiveCfg = Release|Any CPU
		{A133E02F-1311-4C73-8325-8A231A69076C}.Release|Mixed Platforms.Build.0 = Release|Any CPU
		{A133E02F-1311-4C73-8325-8A231A69076C}.Release|x86.ActiveCfg = Release|Any CPU
		{A133E02F-1311-4C73-8325-8A231A69076C}.Release|x86.Build.0 = Release|Any CPU
		{92666D7C-59EC-46ED-A639-A10E0CAAD021}.Debug|Any CPU.ActiveCfg = Debug|Any CPU
		{92666D7C-59EC-46ED-A639-A10E0CAAD021}.Debug|Any CPU.Build.0 = Debug|Any CPU
		{92666D7C-59EC-46ED-A639-A10E0CAAD021}.Debug|Mixed Platforms.ActiveCfg = Debug|Any CPU
		{92666D7C-59EC-46ED-A639-A10E0CAAD021}.Debug|Mixed Platforms.Build.0 = Debug|Any CPU
		{92666D7C-59EC-46ED-A639-A10E0CAAD021}.Debug|x86.ActiveCfg = Debug|Any CPU
		{92666D7C-59EC-46ED-A639-A10E0CAAD021}.Debug|x86.Build.0 = Debug|Any CPU
		{92666D7C-59EC-46ED-A639-A10E0CAAD021}.Release|Any CPU.ActiveCfg = Release|Any CPU
		{92666D7C-59EC-46ED-A639-A10E0CAAD021}.Release|Any CPU.Build.0 = Release|Any CPU
		{92666D7C-59EC-46ED-A639-A10E0CAAD021}.Release|Mixed Platforms.ActiveCfg = Release|Any CPU
		{92666D7C-59EC-46ED-A639-A10E0CAAD021}.Release|Mixed Platforms.Build.0 = Release|Any CPU
		{92666D7C-59EC-46ED-A639-A10E0CAAD021}.Release|x86.ActiveCfg = Release|Any CPU
		{92666D7C-59EC-46ED-A639-A10E0CAAD021}.Release|x86.Build.0 = Release|Any CPU
		{BC1B755A-D418-4DD7-B564-C65E2400F7F4}.Debug|Any CPU.ActiveCfg = Debug|x86
		{BC1B755A-D418-4DD7-B564-C65E2400F7F4}.Debug|Any CPU.Build.0 = Debug|x86
		{BC1B755A-D418-4DD7-B564-C65E2400F7F4}.Debug|Mixed Platforms.ActiveCfg = Debug|x86
		{BC1B755A-D418-4DD7-B564-C65E2400F7F4}.Debug|Mixed Platforms.Build.0 = Debug|x86
		{BC1B755A-D418-4DD7-B564-C65E2400F7F4}.Debug|x86.ActiveCfg = Debug|x86
		{BC1B755A-D418-4DD7-B564-C65E2400F7F4}.Debug|x86.Build.0 = Debug|x86
		{BC1B755A-D418-4DD7-B564-C65E2400F7F4}.Release|Any CPU.ActiveCfg = Release|x86
		{BC1B755A-D418-4DD7-B564-C65E2400F7F4}.Release|Any CPU.Build.0 = Release|x86
		{BC1B755A-D418-4DD7-B564-C65E2400F7F4}.Release|Mixed Platforms.ActiveCfg = Release|x86
		{BC1B755A-D418-4DD7-B564-C65E2400F7F4}.Release|Mixed Platforms.Build.0 = Release|x86
		{BC1B755A-D418-4DD7-B564-C65E2400F7F4}.Release|x86.ActiveCfg = Release|x86
		{BC1B755A-D418-4DD7-B564-C65E2400F7F4}.Release|x86.Build.0 = Release|x86
		{07349BEE-EAB2-4113-884D-7ABF55C5C198}.Debug|Any CPU.ActiveCfg = Debug|x86
		{07349BEE-EAB2-4113-884D-7ABF55C5C198}.Debug|Any CPU.Build.0 = Debug|x86
		{07349BEE-EAB2-4113-884D-7ABF55C5C198}.Debug|Mixed Platforms.ActiveCfg = Debug|x86
		{07349BEE-EAB2-4113-884D-7ABF55C5C198}.Debug|Mixed Platforms.Build.0 = Debug|x86
		{07349BEE-EAB2-4113-884D-7ABF55C5C198}.Debug|x86.ActiveCfg = Debug|x86
		{07349BEE-EAB2-4113-884D-7ABF55C5C198}.Debug|x86.Build.0 = Debug|x86
		{07349BEE-EAB2-4113-884D-7ABF55C5C198}.Release|Any CPU.ActiveCfg = Release|x86
		{07349BEE-EAB2-4113-884D-7ABF55C5C198}.Release|Any CPU.Build.0 = Release|x86
		{07349BEE-EAB2-4113-884D-7ABF55C5C198}.Release|Mixed Platforms.ActiveCfg = Release|x86
		{07349BEE-EAB2-4113-884D-7ABF55C5C198}.Release|Mixed Platforms.Build.0 = Release|x86
		{07349BEE-EAB2-4113-884D-7ABF55C5C198}.Release|x86.ActiveCfg = Release|x86
		{07349BEE-EAB2-4113-884D-7ABF55C5C198}.Release|x86.Build.0 = Release|x86
	EndGlobalSection
	GlobalSection(SolutionProperties) = preSolution
		HideSolutionNode = FALSE
	EndGlobalSection
EndGlobal
